
Microsoft Visual Studio Solution File, Format Version 12.00
# Visual Studio 2015
Project("{FAE04EC0-301F-11D3-BF4B-00C04F79EFBC}") = "Gaze Menu", "Assembly-CSharp.csproj", "{B0C53399-7AC3-C9D0-E073-71116363071D}"
EndProject
Project("{FAE04EC0-301F-11D3-BF4B-00C04F79EFBC}") = "Gaze Menu", "Assembly-CSharp-firstpass.csproj", "{719EA676-786A-DD8A-0D65-49BEB79E4E77}"
EndProject
Project("{FAE04EC0-301F-11D3-BF4B-00C04F79EFBC}") = "Gaze Menu", "Assembly-CSharp-Editor.csproj", "{271D584C-FCEF-340A-53A5-6537489D9F21}"
EndProject
Global
	GlobalSection(SolutionConfigurationPlatforms) = preSolution
		Debug|Any CPU = Debug|Any CPU
		Release|Any CPU = Release|Any CPU
	EndGlobalSection
	GlobalSection(ProjectConfigurationPlatforms) = postSolution
		{B0C53399-7AC3-C9D0-E073-71116363071D}.Debug|Any CPU.ActiveCfg = Debug|Any CPU
		{B0C53399-7AC3-C9D0-E073-71116363071D}.Debug|Any CPU.Build.0 = Debug|Any CPU
		{B0C53399-7AC3-C9D0-E073-71116363071D}.Release|Any CPU.ActiveCfg = Release|Any CPU
		{B0C53399-7AC3-C9D0-E073-71116363071D}.Release|Any CPU.Build.0 = Release|Any CPU
		{719EA676-786A-DD8A-0D65-49BEB79E4E77}.Debug|Any CPU.ActiveCfg = Debug|Any CPU
		{719EA676-786A-DD8A-0D65-49BEB79E4E77}.Debug|Any CPU.Build.0 = Debug|Any CPU
		{719EA676-786A-DD8A-0D65-49BEB79E4E77}.Release|Any CPU.ActiveCfg = Release|Any CPU
		{719EA676-786A-DD8A-0D65-49BEB79E4E77}.Release|Any CPU.Build.0 = Release|Any CPU
		{271D584C-FCEF-340A-53A5-6537489D9F21}.Debug|Any CPU.ActiveCfg = Debug|Any CPU
		{271D584C-FCEF-340A-53A5-6537489D9F21}.Debug|Any CPU.Build.0 = Debug|Any CPU
		{271D584C-FCEF-340A-53A5-6537489D9F21}.Release|Any CPU.ActiveCfg = Release|Any CPU
		{271D584C-FCEF-340A-53A5-6537489D9F21}.Release|Any CPU.Build.0 = Release|Any CPU
	EndGlobalSection
	GlobalSection(SolutionProperties) = preSolution
		HideSolutionNode = FALSE
	EndGlobalSection
EndGlobal
